// !$*UTF8*$!
{
	archiveVersion = 1;
	classes = {
	};
	objectVersion = 50;
	objects = {

/* Begin PBXBuildFile section */
		575808D62436C77000933232 /* json.swift in Sources */ = {isa = PBXBuildFile; fileRef = 575808D52436C77000933232 /* json.swift */; };
		575808D82436C7AF00933232 /* music.swift in Sources */ = {isa = PBXBuildFile; fileRef = 575808D72436C7AF00933232 /* music.swift */; };
		575808DA2436C97400933232 /* musicManager.swift in Sources */ = {isa = PBXBuildFile; fileRef = 575808D92436C97400933232 /* musicManager.swift */; };
		57A79F7E2417DFA10005ACCD /* main.swift in Sources */ = {isa = PBXBuildFile; fileRef = 57A79F7D2417DFA10005ACCD /* main.swift */; };
/* End PBXBuildFile section */

/* Begin PBXCopyFilesBuildPhase section */
		57A79F782417DFA10005ACCD /* CopyFiles */ = {
			isa = PBXCopyFilesBuildPhase;
			buildActionMask = 2147483647;
			dstPath = /usr/share/man/man1/;
			dstSubfolderSpec = 0;
			files = (
			);
			runOnlyForDeploymentPostprocessing = 1;
		};
/* End PBXCopyFilesBuildPhase section */

/* Begin PBXFileReference section */
		575808D52436C77000933232 /* json.swift */ = {isa = PBXFileReference; lastKnownFileType = sourcecode.swift; path = json.swift; sourceTree = "<group>"; };
		575808D72436C7AF00933232 /* music.swift */ = {isa = PBXFileReference; lastKnownFileType = sourcecode.swift; path = music.swift; sourceTree = "<group>"; };
		575808D92436C97400933232 /* musicManager.swift */ = {isa = PBXFileReference; lastKnownFileType = sourcecode.swift; path = musicManager.swift; sourceTree = "<group>"; };
		57A79F7A2417DFA10005ACCD /* Terminal Music Player */ = {isa = PBXFileReference; explicitFileType = "compiled.mach-o.executable"; includeInIndex = 0; path = "Terminal Music Player"; sourceTree = BUILT_PRODUCTS_DIR; };
		57A79F7D2417DFA10005ACCD /* main.swift */ = {isa = PBXFileReference; lastKnownFileType = sourcecode.swift; path = main.swift; sourceTree = "<group>"; };
		57A79F87241BB3A00005ACCD /* music.mp3 */ = {isa = PBXFileReference; lastKnownFileType = audio.mp3; path = music.mp3; sourceTree = "<group>"; };
/* End PBXFileReference section */

/* Begin PBXFrameworksBuildPhase section */
		57A79F772417DFA10005ACCD /* Frameworks */ = {
			isa = PBXFrameworksBuildPhase;
			buildActionMask = 2147483647;
			files = (
			);
			runOnlyForDeploymentPostprocessing = 0;
		};
/* End PBXFrameworksBuildPhase section */

/* Begin PBXGroup section */
		57A79F712417DFA10005ACCD = {
			isa = PBXGroup;
			children = (
				57A79F7C2417DFA10005ACCD /* Terminal Music Player */,
				57A79F7B2417DFA10005ACCD /* Products */,
			);
			sourceTree = "<group>";
		};
		57A79F7B2417DFA10005ACCD /* Products */ = {
			isa = PBXGroup;
			children = (
				57A79F7A2417DFA10005ACCD /* Terminal Music Player */,
			);
			name = Products;
			sourceTree = "<group>";
		};
		57A79F7C2417DFA10005ACCD /* Terminal Music Player */ = {
			isa = PBXGroup;
			children = (
				57A79F88241BB3B10005ACCD /* Music Files */,
				57A79F7D2417DFA10005ACCD /* main.swift */,
				575808D52436C77000933232 /* json.swift */,
				575808D72436C7AF00933232 /* music.swift */,
				575808D92436C97400933232 /* musicManager.swift */,
			);
			path = "Terminal Music Player";
			sourceTree = "<group>";
		};
		57A79F88241BB3B10005ACCD /* Music Files */ = {
			isa = PBXGroup;
			children = (
				57A79F87241BB3A00005ACCD /* music.mp3 */,
			);
			path = "Music Files";
			sourceTree = "<group>";
		};
/* End PBXGroup section */

/* Begin PBXNativeTarget section */
		57A79F792417DFA10005ACCD /* Terminal Music Player */ = {
			isa = PBXNativeTarget;
			buildConfigurationList = 57A79F812417DFA10005ACCD /* Build configuration list for PBXNativeTarget "Terminal Music Player" */;
			buildPhases = (
				57A79F762417DFA10005ACCD /* Sources */,
				57A79F772417DFA10005ACCD /* Frameworks */,
				57A79F782417DFA10005ACCD /* CopyFiles */,
			);
			buildRules = (
			);
			dependencies = (
			);
			name = "Terminal Music Player";
			productName = "Terminal Music Player";
			productReference = 57A79F7A2417DFA10005ACCD /* Terminal Music Player */;
			productType = "com.apple.product-type.tool";
		};
/* End PBXNativeTarget section */

/* Begin PBXProject section */
		57A79F722417DFA10005ACCD /* Project object */ = {
			isa = PBXProject;
			attributes = {
				LastSwiftUpdateCheck = 1130;
				LastUpgradeCheck = 1130;
				ORGANIZATIONNAME = "Rodrigo Matos Aguiar";
				TargetAttributes = {
					57A79F792417DFA10005ACCD = {
						CreatedOnToolsVersion = 11.3.1;
					};
				};
			};
			buildConfigurationList = 57A79F752417DFA10005ACCD /* Build configuration list for PBXProject "Terminal Music Player" */;
			compatibilityVersion = "Xcode 9.3";
			developmentRegion = en;
			hasScannedForEncodings = 0;
			knownRegions = (
				en,
				Base,
			);
			mainGroup = 57A79F712417DFA10005ACCD;
			productRefGroup = 57A79F7B2417DFA10005ACCD /* Products */;
			projectDirPath = "";
			projectRoot = "";
			targets = (
				57A79F792417DFA10005ACCD /* Terminal Music Player */,
			);
		};
/* End PBXProject section */

/* Begin PBXSourcesBuildPhase section */
		57A79F762417DFA10005ACCD /* Sources */ = {
			isa = PBXSourcesBuildPhase;
			buildActionMask = 2147483647;
			files = (
				57A79F7E2417DFA10005ACCD /* main.swift in Sources */,
				575808DA2436C97400933232 /* musicManager.swift in Sources */,
				575808D62436C77000933232 /* json.swift in Sources */,
				575808D82436C7AF00933232 /* music.swift in Sources */,
			);
			runOnlyForDeploymentPostprocessing = 0;
		};
/* End PBXSourcesBuildPhase section */

/* Begin XCBuildConfiguration section */
		57A79F7F2417DFA10005ACCD /* Debug */ = {
			isa = XCBuildConfiguration;
			buildSettings = {
				ALWAYS_SEARCH_USER_PATHS = NO;
				CLANG_ANALYZER_NONNULL = YES;
				CLANG_ANALYZER_NUMBER_OBJECT_CONVERSION = YES_AGGRESSIVE;
				CLANG_CXX_LANGUAGE_STANDARD = "gnu++14";
				CLANG_CXX_LIBRARY = "libc++";
				CLANG_ENABLE_MODULES = YES;
				CLANG_ENABLE_OBJC_ARC = YES;
				CLANG_ENABLE_OBJC_WEAK = YES;
				CLANG_WARN_BLOCK_CAPTURE_AUTORELEASING = YES;
				CLANG_WARN_BOOL_CONVERSION = YES;
				CLANG_WARN_COMMA = YES;
				CLANG_WARN_CONSTANT_CONVERSION = YES;
				CLANG_WARN_DEPRECATED_OBJC_IMPLEMENTATIONS = YES;
				CLANG_WARN_DIRECT_OBJC_ISA_USAGE = YES_ERROR;
				CLANG_WARN_DOCUMENTATION_COMMENTS = YES;
				CLANG_WARN_EMPTY_BODY = YES;
				CLANG_WARN_ENUM_CONVERSION = YES;
				CLANG_WARN_INFINITE_RECURSION = YES;
				CLANG_WARN_INT_CONVERSION = YES;
				CLANG_WARN_NON_LITERAL_NULL_CONVERSION = YES;
				CLANG_WARN_OBJC_IMPLICIT_RETAIN_SELF = YES;
				CLANG_WARN_OBJC_LITERAL_CONVERSION = YES;
				CLANG_WARN_OBJC_ROOT_CLASS = YES_ERROR;
				CLANG_WARN_RANGE_LOOP_ANALYSIS = YES;
				CLANG_WARN_STRICT_PROTOTYPES = YES;
				CLANG_WARN_SUSPICIOUS_MOVE = YES;
				CLANG_WARN_UNGUARDED_AVAILABILITY = YES_AGGRESSIVE;
				CLANG_WARN_UNREACHABLE_CODE = YES;
				CLANG_WARN__DUPLICATE_METHOD_MATCH = YES;
				COPY_PHASE_STRIP = NO;
				DEBUG_INFORMATION_FORMAT = dwarf;
				ENABLE_STRICT_OBJC_MSGSEND = YES;
				ENABLE_TESTABILITY = YES;
				GCC_C_LANGUAGE_STANDARD = gnu11;
				GCC_DYNAMIC_NO_PIC = NO;
				GCC_NO_COMMON_BLOCKS = YES;
				GCC_OPTIMIZATION_LEVEL = 0;
				GCC_PREPROCESSOR_DEFINITIONS = (
					"DEBUG=1",
					"$(inherited)",
				);
				GCC_WARN_64_TO_32_BIT_CONVERSION = YES;
				GCC_WARN_ABOUT_RETURN_TYPE = YES_ERROR;
				GCC_WARN_UNDECLARED_SELECTOR = YES;
				GCC_WARN_UNINITIALIZED_AUTOS = YES_AGGRESSIVE;
				GCC_WARN_UNUSED_FUNCTION = YES;
				GCC_WARN_UNUSED_VARIABLE = YES;
				MACOSX_DEPLOYMENT_TARGET = 10.15;
				MTL_ENABLE_DEBUG_INFO = INCLUDE_SOURCE;
				MTL_FAST_MATH = YES;
				ONLY_ACTIVE_ARCH = YES;
				SDKROOT = macosx;
				SWIFT_ACTIVE_COMPILATION_CONDITIONS = DEBUG;
				SWIFT_OPTIMIZATION_LEVEL = "-Onone";
			};
			name = Debug;
		};
		57A79F802417DFA10005ACCD /* Release */ = {
			isa = XCBuildConfiguration;
			buildSettings = {
				ALWAYS_SEARCH_USER_PATHS = NO;
				CLANG_ANALYZER_NONNULL = YES;
				CLANG_ANALYZER_NUMBER_OBJECT_CONVERSION = YES_AGGRESSIVE;
				CLANG_CXX_LANGUAGE_STANDARD = "gnu++14";
				CLANG_CXX_LIBRARY = "libc++";
				CLANG_ENABLE_MODULES = YES;
				CLANG_ENABLE_OBJC_ARC = YES;
				CLANG_ENABLE_OBJC_WEAK = YES;
				CLANG_WARN_BLOCK_CAPTURE_AUTORELEASING = YES;
				CLANG_WARN_BOOL_CONVERSION = YES;
				CLANG_WARN_COMMA = YES;
				CLANG_WARN_CONSTANT_CONVERSION = YES;
				CLANG_WARN_DEPRECATED_OBJC_IMPLEMENTATIONS = YES;
				CLANG_WARN_DIRECT_OBJC_ISA_USAGE = YES_ERROR;
				CLANG_WARN_DOCUMENTATION_COMMENTS = YES;
				CLANG_WARN_EMPTY_BODY = YES;
				CLANG_WARN_ENUM_CONVERSION = YES;
				CLANG_WARN_INFINITE_RECURSION = YES;
				CLANG_WARN_INT_CONVERSION = YES;
				CLANG_WARN_NON_LITERAL_NULL_CONVERSION = YES;
				CLANG_WARN_OBJC_IMPLICIT_RETAIN_SELF = YES;
				CLANG_WARN_OBJC_LITERAL_CONVERSION = YES;
				CLANG_WARN_OBJC_ROOT_CLASS = YES_ERROR;
				CLANG_WARN_RANGE_LOOP_ANALYSIS = YES;
				CLANG_WARN_STRICT_PROTOTYPES = YES;
				CLANG_WARN_SUSPICIOUS_MOVE = YES;
				CLANG_WARN_UNGUARDED_AVAILABILITY = YES_AGGRESSIVE;
				CLANG_WARN_UNREACHABLE_CODE = YES;
				CLANG_WARN__DUPLICATE_METHOD_MATCH = YES;
				COPY_PHASE_STRIP = NO;
				DEBUG_INFORMATION_FORMAT = "dwarf-with-dsym";
				ENABLE_NS_ASSERTIONS = NO;
				ENABLE_STRICT_OBJC_MSGSEND = YES;
				GCC_C_LANGUAGE_STANDARD = gnu11;
				GCC_NO_COMMON_BLOCKS = YES;
				GCC_WARN_64_TO_32_BIT_CONVERSION = YES;
				GCC_WARN_ABOUT_RETURN_TYPE = YES_ERROR;
				GCC_WARN_UNDECLARED_SELECTOR = YES;
				GCC_WARN_UNINITIALIZED_AUTOS = YES_AGGRESSIVE;
				GCC_WARN_UNUSED_FUNCTION = YES;
				GCC_WARN_UNUSED_VARIABLE = YES;
				MACOSX_DEPLOYMENT_TARGET = 10.15;
				MTL_ENABLE_DEBUG_INFO = NO;
				MTL_FAST_MATH = YES;
				SDKROOT = macosx;
				SWIFT_COMPILATION_MODE = wholemodule;
				SWIFT_OPTIMIZATION_LEVEL = "-O";
			};
			name = Release;
		};
		57A79F822417DFA10005ACCD /* Debug */ = {
			isa = XCBuildConfiguration;
			buildSettings = {
				CODE_SIGN_STYLE = Automatic;
				PRODUCT_NAME = "$(TARGET_NAME)";
				SWIFT_VERSION = 5.0;
			};
			name = Debug;
		};
		57A79F832417DFA10005ACCD /* Release */ = {
			isa = XCBuildConfiguration;
			buildSettings = {
				CODE_SIGN_STYLE = Automatic;
				PRODUCT_NAME = "$(TARGET_NAME)";
				SWIFT_VERSION = 5.0;
			};
			name = Release;
		};
/* End XCBuildConfiguration section */

/* Begin XCConfigurationList section */
		57A79F752417DFA10005ACCD /* Build configuration list for PBXProject "Terminal Music Player" */ = {
			isa = XCConfigurationList;
			buildConfigurations = (
				57A79F7F2417DFA10005ACCD /* Debug */,
				57A79F802417DFA10005ACCD /* Release */,
			);
			defaultConfigurationIsVisible = 0;
			defaultConfigurationName = Release;
		};
		57A79F812417DFA10005ACCD /* Build configuration list for PBXNativeTarget "Terminal Music Player" */ = {
			isa = XCConfigurationList;
			buildConfigurations = (
				57A79F822417DFA10005ACCD /* Debug */,
				57A79F832417DFA10005ACCD /* Release */,
			);
			defaultConfigurationIsVisible = 0;
			defaultConfigurationName = Release;
		};
/* End XCConfigurationList section */
	};
	rootObject = 57A79F722417DFA10005ACCD /* Project object */;
}
